
Microsoft Visual Studio Solution File, Format Version 12.00
# Visual Studio 14
VisualStudioVersion = 14.0.25420.1
MinimumVisualStudioVersion = 10.0.40219.1
Project("{2150E333-8FDC-42A3-9474-1A3956D46DE8}") = "Source", "Source", "{C916412A-EB48-440D-B803-C3D7F2C58BE0}"
EndProject
Project("{2150E333-8FDC-42A3-9474-1A3956D46DE8}") = "Help", "Help", "{399CEA4F-4DF7-46DA-8899-B3E60F8CE6D2}"
	ProjectSection(SolutionItems) = preProject
		..\README.md = ..\README.md
	EndProjectSection
EndProject
Project("{FAE04EC0-301F-11D3-BF4B-00C04F79EFBC}") = "Codifico.Senior.Web", "Codifico.Senior.Web\Codifico.Senior.Web.csproj", "{CABBBBA5-541D-4B68-9E50-D27047A9475E}"
EndProject
Project("{FAE04EC0-301F-11D3-BF4B-00C04F79EFBC}") = "Codifico.Senior.Core", "Codifico.Senior.Core\Codifico.Senior.Core.csproj", "{A3FEA199-0673-4E25-ADC3-BFC9826DC05E}"
EndProject
Project("{FAE04EC0-301F-11D3-BF4B-00C04F79EFBC}") = "Codifico.Senior.Test", "Codifico.Senior.Test\Codifico.Senior.Test.csproj", "{C78E2D7F-2ADC-492E-9CE1-D969854060C0}"
EndProject
Global
	GlobalSection(SolutionConfigurationPlatforms) = preSolution
		Debug|Any CPU = Debug|Any CPU
		Release|Any CPU = Release|Any CPU
	EndGlobalSection
	GlobalSection(ProjectConfigurationPlatforms) = postSolution
		{CABBBBA5-541D-4B68-9E50-D27047A9475E}.Debug|Any CPU.ActiveCfg = Debug|Any CPU
		{CABBBBA5-541D-4B68-9E50-D27047A9475E}.Debug|Any CPU.Build.0 = Debug|Any CPU
		{CABBBBA5-541D-4B68-9E50-D27047A9475E}.Release|Any CPU.ActiveCfg = Release|Any CPU
		{CABBBBA5-541D-4B68-9E50-D27047A9475E}.Release|Any CPU.Build.0 = Release|Any CPU
		{A3FEA199-0673-4E25-ADC3-BFC9826DC05E}.Debug|Any CPU.ActiveCfg = Debug|Any CPU
		{A3FEA199-0673-4E25-ADC3-BFC9826DC05E}.Debug|Any CPU.Build.0 = Debug|Any CPU
		{A3FEA199-0673-4E25-ADC3-BFC9826DC05E}.Release|Any CPU.ActiveCfg = Release|Any CPU
		{A3FEA199-0673-4E25-ADC3-BFC9826DC05E}.Release|Any CPU.Build.0 = Release|Any CPU
		{C78E2D7F-2ADC-492E-9CE1-D969854060C0}.Debug|Any CPU.ActiveCfg = Debug|Any CPU
		{C78E2D7F-2ADC-492E-9CE1-D969854060C0}.Debug|Any CPU.Build.0 = Debug|Any CPU
		{C78E2D7F-2ADC-492E-9CE1-D969854060C0}.Release|Any CPU.ActiveCfg = Release|Any CPU
		{C78E2D7F-2ADC-492E-9CE1-D969854060C0}.Release|Any CPU.Build.0 = Release|Any CPU
	EndGlobalSection
	GlobalSection(SolutionProperties) = preSolution
		HideSolutionNode = FALSE
	EndGlobalSection
	GlobalSection(NestedProjects) = preSolution
		{CABBBBA5-541D-4B68-9E50-D27047A9475E} = {C916412A-EB48-440D-B803-C3D7F2C58BE0}
		{A3FEA199-0673-4E25-ADC3-BFC9826DC05E} = {C916412A-EB48-440D-B803-C3D7F2C58BE0}
		{C78E2D7F-2ADC-492E-9CE1-D969854060C0} = {C916412A-EB48-440D-B803-C3D7F2C58BE0}
	EndGlobalSection
EndGlobal
