
Microsoft Visual Studio Solution File, Format Version 12.00
# Visual Studio 14
VisualStudioVersion = 14.0.25420.1
MinimumVisualStudioVersion = 10.0.40219.1
Project("{2150E333-8FDC-42A3-9474-1A3956D46DE8}") = "Source", "Source", "{C916412A-EB48-440D-B803-C3D7F2C58BE0}"
EndProject
Project("{FAE04EC0-301F-11D3-BF4B-00C04F79EFBC}") = "Core", "Core\Core.csproj", "{A3FEA199-0673-4E25-ADC3-BFC9826DC05E}"
EndProject
Project("{FAE04EC0-301F-11D3-BF4B-00C04F79EFBC}") = "API", "API\API.csproj", "{C90318B5-13BD-4C1D-9665-55851E4799BA}"
EndProject
Project("{FAE04EC0-301F-11D3-BF4B-00C04F79EFBC}") = "Tests", "Tests\Tests.csproj", "{5BDB1116-4116-4895-8A79-93ABA5A11F99}"
EndProject
Global
	GlobalSection(SolutionConfigurationPlatforms) = preSolution
		Debug|Any CPU = Debug|Any CPU
		Release|Any CPU = Release|Any CPU
	EndGlobalSection
	GlobalSection(ProjectConfigurationPlatforms) = postSolution
		{A3FEA199-0673-4E25-ADC3-BFC9826DC05E}.Debug|Any CPU.ActiveCfg = Debug|Any CPU
		{A3FEA199-0673-4E25-ADC3-BFC9826DC05E}.Debug|Any CPU.Build.0 = Debug|Any CPU
		{A3FEA199-0673-4E25-ADC3-BFC9826DC05E}.Release|Any CPU.ActiveCfg = Release|Any CPU
		{A3FEA199-0673-4E25-ADC3-BFC9826DC05E}.Release|Any CPU.Build.0 = Release|Any CPU
		{C90318B5-13BD-4C1D-9665-55851E4799BA}.Debug|Any CPU.ActiveCfg = Debug|Any CPU
		{C90318B5-13BD-4C1D-9665-55851E4799BA}.Debug|Any CPU.Build.0 = Debug|Any CPU
		{C90318B5-13BD-4C1D-9665-55851E4799BA}.Release|Any CPU.ActiveCfg = Release|Any CPU
		{C90318B5-13BD-4C1D-9665-55851E4799BA}.Release|Any CPU.Build.0 = Release|Any CPU
		{5BDB1116-4116-4895-8A79-93ABA5A11F99}.Debug|Any CPU.ActiveCfg = Debug|Any CPU
		{5BDB1116-4116-4895-8A79-93ABA5A11F99}.Debug|Any CPU.Build.0 = Debug|Any CPU
		{5BDB1116-4116-4895-8A79-93ABA5A11F99}.Release|Any CPU.ActiveCfg = Release|Any CPU
		{5BDB1116-4116-4895-8A79-93ABA5A11F99}.Release|Any CPU.Build.0 = Release|Any CPU
	EndGlobalSection
	GlobalSection(SolutionProperties) = preSolution
		HideSolutionNode = FALSE
	EndGlobalSection
	GlobalSection(NestedProjects) = preSolution
		{A3FEA199-0673-4E25-ADC3-BFC9826DC05E} = {C916412A-EB48-440D-B803-C3D7F2C58BE0}
		{C90318B5-13BD-4C1D-9665-55851E4799BA} = {C916412A-EB48-440D-B803-C3D7F2C58BE0}
		{5BDB1116-4116-4895-8A79-93ABA5A11F99} = {C916412A-EB48-440D-B803-C3D7F2C58BE0}
	EndGlobalSection
EndGlobal
